
Microsoft Visual Studio Solution File, Format Version 12.00
# Visual Studio Version 17
VisualStudioVersion = 17.7.34018.315
MinimumVisualStudioVersion = 10.0.40219.1
Project("{FAE04EC0-301F-11D3-BF4B-00C04F79EFBC}") = "API", "API\API.csproj", "{5EB6A65D-2BE2-43F4-BB19-EC09EE62D391}"
EndProject
Project("{FAE04EC0-301F-11D3-BF4B-00C04F79EFBC}") = "Core", "Core\Core.csproj", "{631516F1-3CA9-4B7B-9463-912D163309AA}"
EndProject
Project("{FAE04EC0-301F-11D3-BF4B-00C04F79EFBC}") = "Repository", "Repository\Repository.csproj", "{8168015C-56AA-4034-A39B-56504878C9B0}"
EndProject
Project("{FAE04EC0-301F-11D3-BF4B-00C04F79EFBC}") = "Service", "Service\Service.csproj", "{B8BD6E5E-CA07-4F7B-B921-D44574F84DD6}"
EndProject
Global
	GlobalSection(SolutionConfigurationPlatforms) = preSolution
		Debug|Any CPU = Debug|Any CPU
		Release|Any CPU = Release|Any CPU
	EndGlobalSection
	GlobalSection(ProjectConfigurationPlatforms) = postSolution
		{5EB6A65D-2BE2-43F4-BB19-EC09EE62D391}.Debug|Any CPU.ActiveCfg = Debug|Any CPU
		{5EB6A65D-2BE2-43F4-BB19-EC09EE62D391}.Debug|Any CPU.Build.0 = Debug|Any CPU
		{5EB6A65D-2BE2-43F4-BB19-EC09EE62D391}.Release|Any CPU.ActiveCfg = Release|Any CPU
		{5EB6A65D-2BE2-43F4-BB19-EC09EE62D391}.Release|Any CPU.Build.0 = Release|Any CPU
		{631516F1-3CA9-4B7B-9463-912D163309AA}.Debug|Any CPU.ActiveCfg = Debug|Any CPU
		{631516F1-3CA9-4B7B-9463-912D163309AA}.Debug|Any CPU.Build.0 = Debug|Any CPU
		{631516F1-3CA9-4B7B-9463-912D163309AA}.Release|Any CPU.ActiveCfg = Release|Any CPU
		{631516F1-3CA9-4B7B-9463-912D163309AA}.Release|Any CPU.Build.0 = Release|Any CPU
		{8168015C-56AA-4034-A39B-56504878C9B0}.Debug|Any CPU.ActiveCfg = Debug|Any CPU
		{8168015C-56AA-4034-A39B-56504878C9B0}.Debug|Any CPU.Build.0 = Debug|Any CPU
		{8168015C-56AA-4034-A39B-56504878C9B0}.Release|Any CPU.ActiveCfg = Release|Any CPU
		{8168015C-56AA-4034-A39B-56504878C9B0}.Release|Any CPU.Build.0 = Release|Any CPU
		{B8BD6E5E-CA07-4F7B-B921-D44574F84DD6}.Debug|Any CPU.ActiveCfg = Debug|Any CPU
		{B8BD6E5E-CA07-4F7B-B921-D44574F84DD6}.Debug|Any CPU.Build.0 = Debug|Any CPU
		{B8BD6E5E-CA07-4F7B-B921-D44574F84DD6}.Release|Any CPU.ActiveCfg = Release|Any CPU
		{B8BD6E5E-CA07-4F7B-B921-D44574F84DD6}.Release|Any CPU.Build.0 = Release|Any CPU
	EndGlobalSection
	GlobalSection(SolutionProperties) = preSolution
		HideSolutionNode = FALSE
	EndGlobalSection
	GlobalSection(ExtensibilityGlobals) = postSolution
		SolutionGuid = {367A0918-C321-47F1-A566-24DE3DADEDA6}
	EndGlobalSection
EndGlobal
